// !$*UTF8*$!
{
	archiveVersion = 1;
	classes = {
	};
	objectVersion = 56;
	objects = {

/* Begin PBXBuildFile section */
		9B1EE1402B882B4200C89DB0 /* HudView.swift in Sources */ = {isa = PBXBuildFile; fileRef = 9B1EE13F2B882B4200C89DB0 /* HudView.swift */; };
		9B1EE1422B882B4E00C89DB0 /* HudView.xib in Resources */ = {isa = PBXBuildFile; fileRef = 9B1EE1412B882B4E00C89DB0 /* HudView.xib */; };
		9B1EE1442B882BF500C89DB0 /* UIView+Utils.swift in Sources */ = {isa = PBXBuildFile; fileRef = 9B1EE1432B882BF500C89DB0 /* UIView+Utils.swift */; };
		9B249EB92B836E3B0033F542 /* AppDelegate.swift in Sources */ = {isa = PBXBuildFile; fileRef = 9B249EB82B836E3B0033F542 /* AppDelegate.swift */; };
		9B249EC22B836E3C0033F542 /* Assets.xcassets in Resources */ = {isa = PBXBuildFile; fileRef = 9B249EC12B836E3C0033F542 /* Assets.xcassets */; };
		9B249EC52B836E3C0033F542 /* LaunchScreen.storyboard in Resources */ = {isa = PBXBuildFile; fileRef = 9B249EC32B836E3C0033F542 /* LaunchScreen.storyboard */; };
		9B249ECE2B836E6B0033F542 /* CustomNavigationController.swift in Sources */ = {isa = PBXBuildFile; fileRef = 9B249ECD2B836E6B0033F542 /* CustomNavigationController.swift */; };
		9B249ED22B836EDC0033F542 /* UIApplication+Utils.swift in Sources */ = {isa = PBXBuildFile; fileRef = 9B249ED12B836EDC0033F542 /* UIApplication+Utils.swift */; };
		9B249ED42B836EEB0033F542 /* UIViewController+Utils.swift in Sources */ = {isa = PBXBuildFile; fileRef = 9B249ED32B836EEB0033F542 /* UIViewController+Utils.swift */; };
		9B249ED82B836F8D0033F542 /* ShopsListViewController.swift in Sources */ = {isa = PBXBuildFile; fileRef = 9B249ED62B836F8D0033F542 /* ShopsListViewController.swift */; };
		9B249ED92B836F8D0033F542 /* ShopsListViewController.xib in Resources */ = {isa = PBXBuildFile; fileRef = 9B249ED72B836F8D0033F542 /* ShopsListViewController.xib */; };
		9B249EE22B83748E0033F542 /* EndPointProtocol.swift in Sources */ = {isa = PBXBuildFile; fileRef = 9B249EE12B83748E0033F542 /* EndPointProtocol.swift */; };
		9B249EE42B8374BB0033F542 /* NetworkManager.swift in Sources */ = {isa = PBXBuildFile; fileRef = 9B249EE32B8374BB0033F542 /* NetworkManager.swift */; };
		9B249EE62B8374CE0033F542 /* Reachability.swift in Sources */ = {isa = PBXBuildFile; fileRef = 9B249EE52B8374CE0033F542 /* Reachability.swift */; };
		9B249EE82B8374E20033F542 /* NetworkClient.swift in Sources */ = {isa = PBXBuildFile; fileRef = 9B249EE72B8374E20033F542 /* NetworkClient.swift */; };
		9B249EEA2B8383E60033F542 /* Shop.swift in Sources */ = {isa = PBXBuildFile; fileRef = 9B249EE92B8383E60033F542 /* Shop.swift */; };
		9B249EEC2B8384030033F542 /* ShopsEndPoint.swift in Sources */ = {isa = PBXBuildFile; fileRef = 9B249EEB2B8384030033F542 /* ShopsEndPoint.swift */; };
		9B249EEE2B83847A0033F542 /* ShopsServices.swift in Sources */ = {isa = PBXBuildFile; fileRef = 9B249EED2B83847A0033F542 /* ShopsServices.swift */; };
		9B249EF12B8384FF0033F542 /* ShopsListViewModel.swift in Sources */ = {isa = PBXBuildFile; fileRef = 9B249EF02B8384FF0033F542 /* ShopsListViewModel.swift */; };
		9B249EF52B84CC4B0033F542 /* ShopCell.swift in Sources */ = {isa = PBXBuildFile; fileRef = 9B249EF32B84CC4B0033F542 /* ShopCell.swift */; };
		9B249EF62B84CC4B0033F542 /* ShopCell.xib in Resources */ = {isa = PBXBuildFile; fileRef = 9B249EF42B84CC4B0033F542 /* ShopCell.xib */; };
		9B249EF82B84CE2E0033F542 /* UITableViewCell+Utils.swift in Sources */ = {isa = PBXBuildFile; fileRef = 9B249EF72B84CE2E0033F542 /* UITableViewCell+Utils.swift */; };
		9B249EFB2B84D2B70033F542 /* CustomUIKitItems in Frameworks */ = {isa = PBXBuildFile; productRef = 9B249EFA2B84D2B70033F542 /* CustomUIKitItems */; };
		9B249EFD2B84D45A0033F542 /* Colors.xcassets in Resources */ = {isa = PBXBuildFile; fileRef = 9B249EFC2B84D45A0033F542 /* Colors.xcassets */; };
		9B249EFF2B84D7860033F542 /* Colors.swift in Sources */ = {isa = PBXBuildFile; fileRef = 9B249EFE2B84D7860033F542 /* Colors.swift */; };
		9B249F012B84D81B0033F542 /* ImageDownloader.swift in Sources */ = {isa = PBXBuildFile; fileRef = 9B249F002B84D81B0033F542 /* ImageDownloader.swift */; };
		9B249F032B84D8410033F542 /* UIImageView+Utils.swift in Sources */ = {isa = PBXBuildFile; fileRef = 9B249F022B84D8410033F542 /* UIImageView+Utils.swift */; };
		9B249F082B86221D0033F542 /* CategoryCell.swift in Sources */ = {isa = PBXBuildFile; fileRef = 9B249F062B86221D0033F542 /* CategoryCell.swift */; };
		9B249F092B86221D0033F542 /* CategoryCell.xib in Resources */ = {isa = PBXBuildFile; fileRef = 9B249F072B86221D0033F542 /* CategoryCell.xib */; };
		9B249F0B2B86230E0033F542 /* UICollectionViewCell+Utils.swift in Sources */ = {isa = PBXBuildFile; fileRef = 9B249F0A2B86230E0033F542 /* UICollectionViewCell+Utils.swift */; };
		9B249F0D2B8671290033F542 /* Location.swift in Sources */ = {isa = PBXBuildFile; fileRef = 9B249F0C2B8671290033F542 /* Location.swift */; };
		9B249F0F2B8671E50033F542 /* LocationManager.swift in Sources */ = {isa = PBXBuildFile; fileRef = 9B249F0E2B8671E50033F542 /* LocationManager.swift */; };
		9B249F112B86756A0033F542 /* UserDefaults+Utils.swift in Sources */ = {isa = PBXBuildFile; fileRef = 9B249F102B86756A0033F542 /* UserDefaults+Utils.swift */; };
		9B249F132B86758E0033F542 /* UserDefaultsValues.swift in Sources */ = {isa = PBXBuildFile; fileRef = 9B249F122B86758E0033F542 /* UserDefaultsValues.swift */; };
		9B249F152B87FA2E0033F542 /* Double+Utils.swift in Sources */ = {isa = PBXBuildFile; fileRef = 9B249F142B87FA2E0033F542 /* Double+Utils.swift */; };
/* End PBXBuildFile section */

/* Begin PBXFileReference section */
		9B1EE13F2B882B4200C89DB0 /* HudView.swift */ = {isa = PBXFileReference; lastKnownFileType = sourcecode.swift; path = HudView.swift; sourceTree = "<group>"; };
		9B1EE1412B882B4E00C89DB0 /* HudView.xib */ = {isa = PBXFileReference; lastKnownFileType = file.xib; path = HudView.xib; sourceTree = "<group>"; };
		9B1EE1432B882BF500C89DB0 /* UIView+Utils.swift */ = {isa = PBXFileReference; lastKnownFileType = sourcecode.swift; path = "UIView+Utils.swift"; sourceTree = "<group>"; };
		9B249EB52B836E3B0033F542 /* PruebaKlikin.app */ = {isa = PBXFileReference; explicitFileType = wrapper.application; includeInIndex = 0; path = PruebaKlikin.app; sourceTree = BUILT_PRODUCTS_DIR; };
		9B249EB82B836E3B0033F542 /* AppDelegate.swift */ = {isa = PBXFileReference; lastKnownFileType = sourcecode.swift; path = AppDelegate.swift; sourceTree = "<group>"; };
		9B249EC12B836E3C0033F542 /* Assets.xcassets */ = {isa = PBXFileReference; lastKnownFileType = folder.assetcatalog; path = Assets.xcassets; sourceTree = "<group>"; };
		9B249EC42B836E3C0033F542 /* Base */ = {isa = PBXFileReference; lastKnownFileType = file.storyboard; name = Base; path = Base.lproj/LaunchScreen.storyboard; sourceTree = "<group>"; };
		9B249EC62B836E3C0033F542 /* Info.plist */ = {isa = PBXFileReference; lastKnownFileType = text.plist.xml; path = Info.plist; sourceTree = "<group>"; };
		9B249ECD2B836E6B0033F542 /* CustomNavigationController.swift */ = {isa = PBXFileReference; lastKnownFileType = sourcecode.swift; path = CustomNavigationController.swift; sourceTree = "<group>"; };
		9B249ED12B836EDC0033F542 /* UIApplication+Utils.swift */ = {isa = PBXFileReference; lastKnownFileType = sourcecode.swift; path = "UIApplication+Utils.swift"; sourceTree = "<group>"; };
		9B249ED32B836EEB0033F542 /* UIViewController+Utils.swift */ = {isa = PBXFileReference; lastKnownFileType = sourcecode.swift; path = "UIViewController+Utils.swift"; sourceTree = "<group>"; };
		9B249ED62B836F8D0033F542 /* ShopsListViewController.swift */ = {isa = PBXFileReference; lastKnownFileType = sourcecode.swift; path = ShopsListViewController.swift; sourceTree = "<group>"; };
		9B249ED72B836F8D0033F542 /* ShopsListViewController.xib */ = {isa = PBXFileReference; lastKnownFileType = file.xib; path = ShopsListViewController.xib; sourceTree = "<group>"; };
		9B249EE12B83748E0033F542 /* EndPointProtocol.swift */ = {isa = PBXFileReference; lastKnownFileType = sourcecode.swift; path = EndPointProtocol.swift; sourceTree = "<group>"; };
		9B249EE32B8374BB0033F542 /* NetworkManager.swift */ = {isa = PBXFileReference; lastKnownFileType = sourcecode.swift; path = NetworkManager.swift; sourceTree = "<group>"; };
		9B249EE52B8374CE0033F542 /* Reachability.swift */ = {isa = PBXFileReference; lastKnownFileType = sourcecode.swift; path = Reachability.swift; sourceTree = "<group>"; };
		9B249EE72B8374E20033F542 /* NetworkClient.swift */ = {isa = PBXFileReference; lastKnownFileType = sourcecode.swift; path = NetworkClient.swift; sourceTree = "<group>"; };
		9B249EE92B8383E60033F542 /* Shop.swift */ = {isa = PBXFileReference; lastKnownFileType = sourcecode.swift; path = Shop.swift; sourceTree = "<group>"; };
		9B249EEB2B8384030033F542 /* ShopsEndPoint.swift */ = {isa = PBXFileReference; lastKnownFileType = sourcecode.swift; path = ShopsEndPoint.swift; sourceTree = "<group>"; };
		9B249EED2B83847A0033F542 /* ShopsServices.swift */ = {isa = PBXFileReference; lastKnownFileType = sourcecode.swift; path = ShopsServices.swift; sourceTree = "<group>"; };
		9B249EF02B8384FF0033F542 /* ShopsListViewModel.swift */ = {isa = PBXFileReference; lastKnownFileType = sourcecode.swift; path = ShopsListViewModel.swift; sourceTree = "<group>"; };
		9B249EF32B84CC4B0033F542 /* ShopCell.swift */ = {isa = PBXFileReference; lastKnownFileType = sourcecode.swift; path = ShopCell.swift; sourceTree = "<group>"; };
		9B249EF42B84CC4B0033F542 /* ShopCell.xib */ = {isa = PBXFileReference; lastKnownFileType = file.xib; path = ShopCell.xib; sourceTree = "<group>"; };
		9B249EF72B84CE2E0033F542 /* UITableViewCell+Utils.swift */ = {isa = PBXFileReference; lastKnownFileType = sourcecode.swift; path = "UITableViewCell+Utils.swift"; sourceTree = "<group>"; };
		9B249EFC2B84D45A0033F542 /* Colors.xcassets */ = {isa = PBXFileReference; lastKnownFileType = folder.assetcatalog; path = Colors.xcassets; sourceTree = "<group>"; };
		9B249EFE2B84D7860033F542 /* Colors.swift */ = {isa = PBXFileReference; lastKnownFileType = sourcecode.swift; path = Colors.swift; sourceTree = "<group>"; };
		9B249F002B84D81B0033F542 /* ImageDownloader.swift */ = {isa = PBXFileReference; lastKnownFileType = sourcecode.swift; path = ImageDownloader.swift; sourceTree = "<group>"; };
		9B249F022B84D8410033F542 /* UIImageView+Utils.swift */ = {isa = PBXFileReference; lastKnownFileType = sourcecode.swift; path = "UIImageView+Utils.swift"; sourceTree = "<group>"; };
		9B249F062B86221D0033F542 /* CategoryCell.swift */ = {isa = PBXFileReference; lastKnownFileType = sourcecode.swift; path = CategoryCell.swift; sourceTree = "<group>"; };
		9B249F072B86221D0033F542 /* CategoryCell.xib */ = {isa = PBXFileReference; lastKnownFileType = file.xib; path = CategoryCell.xib; sourceTree = "<group>"; };
		9B249F0A2B86230E0033F542 /* UICollectionViewCell+Utils.swift */ = {isa = PBXFileReference; lastKnownFileType = sourcecode.swift; path = "UICollectionViewCell+Utils.swift"; sourceTree = "<group>"; };
		9B249F0C2B8671290033F542 /* Location.swift */ = {isa = PBXFileReference; lastKnownFileType = sourcecode.swift; path = Location.swift; sourceTree = "<group>"; };
		9B249F0E2B8671E50033F542 /* LocationManager.swift */ = {isa = PBXFileReference; lastKnownFileType = sourcecode.swift; path = LocationManager.swift; sourceTree = "<group>"; };
		9B249F102B86756A0033F542 /* UserDefaults+Utils.swift */ = {isa = PBXFileReference; lastKnownFileType = sourcecode.swift; path = "UserDefaults+Utils.swift"; sourceTree = "<group>"; };
		9B249F122B86758E0033F542 /* UserDefaultsValues.swift */ = {isa = PBXFileReference; lastKnownFileType = sourcecode.swift; path = UserDefaultsValues.swift; sourceTree = "<group>"; };
		9B249F142B87FA2E0033F542 /* Double+Utils.swift */ = {isa = PBXFileReference; lastKnownFileType = sourcecode.swift; path = "Double+Utils.swift"; sourceTree = "<group>"; };
/* End PBXFileReference section */

/* Begin PBXFrameworksBuildPhase section */
		9B249EB22B836E3B0033F542 /* Frameworks */ = {
			isa = PBXFrameworksBuildPhase;
			buildActionMask = 2147483647;
			files = (
				9B249EFB2B84D2B70033F542 /* CustomUIKitItems in Frameworks */,
			);
			runOnlyForDeploymentPostprocessing = 0;
		};
/* End PBXFrameworksBuildPhase section */

/* Begin PBXGroup section */
		9B1EE13A2B882A5E00C89DB0 /* Common */ = {
			isa = PBXGroup;
			children = (
				9B1EE13F2B882B4200C89DB0 /* HudView.swift */,
				9B1EE1412B882B4E00C89DB0 /* HudView.xib */,
			);
			path = Common;
			sourceTree = "<group>";
		};
		9B249EAC2B836E3B0033F542 = {
			isa = PBXGroup;
			children = (
				9B249EB72B836E3B0033F542 /* PruebaKlikin */,
				9B249EB62B836E3B0033F542 /* Products */,
			);
			sourceTree = "<group>";
		};
		9B249EB62B836E3B0033F542 /* Products */ = {
			isa = PBXGroup;
			children = (
				9B249EB52B836E3B0033F542 /* PruebaKlikin.app */,
			);
			name = Products;
			sourceTree = "<group>";
		};
		9B249EB72B836E3B0033F542 /* PruebaKlikin */ = {
			isa = PBXGroup;
			children = (
				9B249ECC2B836E5D0033F542 /* Base */,
				9B249EDA2B8373CB0033F542 /* Model */,
				9B249EDC2B8373F30033F542 /* Provider */,
				9B249EDB2B8373E50033F542 /* SupportingFiles */,
				9B249ED52B836F690033F542 /* UseCases */,
				9B249ECF2B836EBC0033F542 /* Util */,
				9B249EC62B836E3C0033F542 /* Info.plist */,
			);
			path = PruebaKlikin;
			sourceTree = "<group>";
		};
		9B249ECC2B836E5D0033F542 /* Base */ = {
			isa = PBXGroup;
			children = (
				9B249EB82B836E3B0033F542 /* AppDelegate.swift */,
				9B249ECD2B836E6B0033F542 /* CustomNavigationController.swift */,
				9B249EC32B836E3C0033F542 /* LaunchScreen.storyboard */,
			);
			path = Base;
			sourceTree = "<group>";
		};
		9B249ECF2B836EBC0033F542 /* Util */ = {
			isa = PBXGroup;
			children = (
				9B249ED02B836ECA0033F542 /* Extensions */,
				9B249EFE2B84D7860033F542 /* Colors.swift */,
				9B249F002B84D81B0033F542 /* ImageDownloader.swift */,
				9B249F0E2B8671E50033F542 /* LocationManager.swift */,
				9B249F102B86756A0033F542 /* UserDefaults+Utils.swift */,
			);
			path = Util;
			sourceTree = "<group>";
		};
		9B249ED02B836ECA0033F542 /* Extensions */ = {
			isa = PBXGroup;
			children = (
				9B249ED12B836EDC0033F542 /* UIApplication+Utils.swift */,
				9B249ED32B836EEB0033F542 /* UIViewController+Utils.swift */,
				9B249EF72B84CE2E0033F542 /* UITableViewCell+Utils.swift */,
				9B249F022B84D8410033F542 /* UIImageView+Utils.swift */,
				9B249F0A2B86230E0033F542 /* UICollectionViewCell+Utils.swift */,
				9B249F142B87FA2E0033F542 /* Double+Utils.swift */,
				9B1EE1432B882BF500C89DB0 /* UIView+Utils.swift */,
			);
			path = Extensions;
			sourceTree = "<group>";
		};
		9B249ED52B836F690033F542 /* UseCases */ = {
			isa = PBXGroup;
			children = (
				9B1EE13A2B882A5E00C89DB0 /* Common */,
				9B249EEF2B8384E50033F542 /* ShopsList */,
			);
			path = UseCases;
			sourceTree = "<group>";
		};
		9B249EDA2B8373CB0033F542 /* Model */ = {
			isa = PBXGroup;
			children = (
				9B249EE92B8383E60033F542 /* Shop.swift */,
				9B249F0C2B8671290033F542 /* Location.swift */,
			);
			path = Model;
			sourceTree = "<group>";
		};
		9B249EDB2B8373E50033F542 /* SupportingFiles */ = {
			isa = PBXGroup;
			children = (
				9B249EC12B836E3C0033F542 /* Assets.xcassets */,
				9B249EFC2B84D45A0033F542 /* Colors.xcassets */,
			);
			path = SupportingFiles;
			sourceTree = "<group>";
		};
		9B249EDC2B8373F30033F542 /* Provider */ = {
			isa = PBXGroup;
			children = (
				9B249EE02B8374530033F542 /* EndPoints */,
				9B249EDE2B8374460033F542 /* Services */,
				9B249EDD2B83743A0033F542 /* Network */,
				9B249F122B86758E0033F542 /* UserDefaultsValues.swift */,
			);
			path = Provider;
			sourceTree = "<group>";
		};
		9B249EDD2B83743A0033F542 /* Network */ = {
			isa = PBXGroup;
			children = (
				9B249EE72B8374E20033F542 /* NetworkClient.swift */,
				9B249EE32B8374BB0033F542 /* NetworkManager.swift */,
				9B249EE52B8374CE0033F542 /* Reachability.swift */,
			);
			path = Network;
			sourceTree = "<group>";
		};
		9B249EDE2B8374460033F542 /* Services */ = {
			isa = PBXGroup;
			children = (
				9B249EED2B83847A0033F542 /* ShopsServices.swift */,
			);
			path = Services;
			sourceTree = "<group>";
		};
		9B249EE02B8374530033F542 /* EndPoints */ = {
			isa = PBXGroup;
			children = (
				9B249EE12B83748E0033F542 /* EndPointProtocol.swift */,
				9B249EEB2B8384030033F542 /* ShopsEndPoint.swift */,
			);
			path = EndPoints;
			sourceTree = "<group>";
		};
		9B249EEF2B8384E50033F542 /* ShopsList */ = {
			isa = PBXGroup;
			children = (
				9B249EF22B84CC2C0033F542 /* Cells */,
				9B249EF02B8384FF0033F542 /* ShopsListViewModel.swift */,
				9B249ED62B836F8D0033F542 /* ShopsListViewController.swift */,
				9B249ED72B836F8D0033F542 /* ShopsListViewController.xib */,
			);
			path = ShopsList;
			sourceTree = "<group>";
		};
		9B249EF22B84CC2C0033F542 /* Cells */ = {
			isa = PBXGroup;
			children = (
				9B249EF32B84CC4B0033F542 /* ShopCell.swift */,
				9B249EF42B84CC4B0033F542 /* ShopCell.xib */,
				9B249F062B86221D0033F542 /* CategoryCell.swift */,
				9B249F072B86221D0033F542 /* CategoryCell.xib */,
			);
			path = Cells;
			sourceTree = "<group>";
		};
/* End PBXGroup section */

/* Begin PBXNativeTarget section */
		9B249EB42B836E3B0033F542 /* PruebaKlikin */ = {
			isa = PBXNativeTarget;
			buildConfigurationList = 9B249EC92B836E3C0033F542 /* Build configuration list for PBXNativeTarget "PruebaKlikin" */;
			buildPhases = (
				9B249EB12B836E3B0033F542 /* Sources */,
				9B249EB22B836E3B0033F542 /* Frameworks */,
				9B249EB32B836E3B0033F542 /* Resources */,
			);
			buildRules = (
			);
			dependencies = (
			);
			name = PruebaKlikin;
			packageProductDependencies = (
				9B249EFA2B84D2B70033F542 /* CustomUIKitItems */,
			);
			productName = PruebaKlikin;
			productReference = 9B249EB52B836E3B0033F542 /* PruebaKlikin.app */;
			productType = "com.apple.product-type.application";
		};
/* End PBXNativeTarget section */

/* Begin PBXProject section */
		9B249EAD2B836E3B0033F542 /* Project object */ = {
			isa = PBXProject;
			attributes = {
				BuildIndependentTargetsInParallel = 1;
				LastSwiftUpdateCheck = 1520;
				LastUpgradeCheck = 1520;
				TargetAttributes = {
					9B249EB42B836E3B0033F542 = {
						CreatedOnToolsVersion = 15.2;
					};
				};
			};
			buildConfigurationList = 9B249EB02B836E3B0033F542 /* Build configuration list for PBXProject "PruebaKlikin" */;
			compatibilityVersion = "Xcode 14.0";
			developmentRegion = en;
			hasScannedForEncodings = 0;
			knownRegions = (
				en,
				Base,
			);
			mainGroup = 9B249EAC2B836E3B0033F542;
			packageReferences = (
				9B249EF92B84D2B70033F542 /* XCRemoteSwiftPackageReference "CustomUIKitItems" */,
			);
			productRefGroup = 9B249EB62B836E3B0033F542 /* Products */;
			projectDirPath = "";
			projectRoot = "";
			targets = (
				9B249EB42B836E3B0033F542 /* PruebaKlikin */,
			);
		};
/* End PBXProject section */

/* Begin PBXResourcesBuildPhase section */
		9B249EB32B836E3B0033F542 /* Resources */ = {
			isa = PBXResourcesBuildPhase;
			buildActionMask = 2147483647;
			files = (
				9B1EE1422B882B4E00C89DB0 /* HudView.xib in Resources */,
				9B249EFD2B84D45A0033F542 /* Colors.xcassets in Resources */,
				9B249F092B86221D0033F542 /* CategoryCell.xib in Resources */,
				9B249EC52B836E3C0033F542 /* LaunchScreen.storyboard in Resources */,
				9B249ED92B836F8D0033F542 /* ShopsListViewController.xib in Resources */,
				9B249EC22B836E3C0033F542 /* Assets.xcassets in Resources */,
				9B249EF62B84CC4B0033F542 /* ShopCell.xib in Resources */,
			);
			runOnlyForDeploymentPostprocessing = 0;
		};
/* End PBXResourcesBuildPhase section */

/* Begin PBXSourcesBuildPhase section */
		9B249EB12B836E3B0033F542 /* Sources */ = {
			isa = PBXSourcesBuildPhase;
			buildActionMask = 2147483647;
			files = (
				9B249ED42B836EEB0033F542 /* UIViewController+Utils.swift in Sources */,
				9B249F082B86221D0033F542 /* CategoryCell.swift in Sources */,
				9B1EE1442B882BF500C89DB0 /* UIView+Utils.swift in Sources */,
				9B249ED22B836EDC0033F542 /* UIApplication+Utils.swift in Sources */,
				9B249EE22B83748E0033F542 /* EndPointProtocol.swift in Sources */,
				9B249F0B2B86230E0033F542 /* UICollectionViewCell+Utils.swift in Sources */,
				9B249EEE2B83847A0033F542 /* ShopsServices.swift in Sources */,
				9B249EEA2B8383E60033F542 /* Shop.swift in Sources */,
				9B249EEC2B8384030033F542 /* ShopsEndPoint.swift in Sources */,
				9B249EE42B8374BB0033F542 /* NetworkManager.swift in Sources */,
				9B249ECE2B836E6B0033F542 /* CustomNavigationController.swift in Sources */,
				9B249F132B86758E0033F542 /* UserDefaultsValues.swift in Sources */,
				9B249EE82B8374E20033F542 /* NetworkClient.swift in Sources */,
				9B249EFF2B84D7860033F542 /* Colors.swift in Sources */,
				9B249F012B84D81B0033F542 /* ImageDownloader.swift in Sources */,
				9B249F112B86756A0033F542 /* UserDefaults+Utils.swift in Sources */,
				9B249F0D2B8671290033F542 /* Location.swift in Sources */,
				9B249F0F2B8671E50033F542 /* LocationManager.swift in Sources */,
				9B249EF52B84CC4B0033F542 /* ShopCell.swift in Sources */,
				9B249EB92B836E3B0033F542 /* AppDelegate.swift in Sources */,
				9B249F152B87FA2E0033F542 /* Double+Utils.swift in Sources */,
				9B249EE62B8374CE0033F542 /* Reachability.swift in Sources */,
				9B249EF12B8384FF0033F542 /* ShopsListViewModel.swift in Sources */,
				9B249ED82B836F8D0033F542 /* ShopsListViewController.swift in Sources */,
				9B249F032B84D8410033F542 /* UIImageView+Utils.swift in Sources */,
				9B249EF82B84CE2E0033F542 /* UITableViewCell+Utils.swift in Sources */,
				9B1EE1402B882B4200C89DB0 /* HudView.swift in Sources */,
			);
			runOnlyForDeploymentPostprocessing = 0;
		};
/* End PBXSourcesBuildPhase section */

/* Begin PBXVariantGroup section */
		9B249EC32B836E3C0033F542 /* LaunchScreen.storyboard */ = {
			isa = PBXVariantGroup;
			children = (
				9B249EC42B836E3C0033F542 /* Base */,
			);
			name = LaunchScreen.storyboard;
			sourceTree = "<group>";
		};
/* End PBXVariantGroup section */

/* Begin XCBuildConfiguration section */
		9B249EC72B836E3C0033F542 /* Debug */ = {
			isa = XCBuildConfiguration;
			buildSettings = {
				ALWAYS_SEARCH_USER_PATHS = NO;
				ASSETCATALOG_COMPILER_GENERATE_SWIFT_ASSET_SYMBOL_EXTENSIONS = YES;
				CLANG_ANALYZER_NONNULL = YES;
				CLANG_ANALYZER_NUMBER_OBJECT_CONVERSION = YES_AGGRESSIVE;
				CLANG_CXX_LANGUAGE_STANDARD = "gnu++20";
				CLANG_ENABLE_MODULES = YES;
				CLANG_ENABLE_OBJC_ARC = YES;
				CLANG_ENABLE_OBJC_WEAK = YES;
				CLANG_WARN_BLOCK_CAPTURE_AUTORELEASING = YES;
				CLANG_WARN_BOOL_CONVERSION = YES;
				CLANG_WARN_COMMA = YES;
				CLANG_WARN_CONSTANT_CONVERSION = YES;
				CLANG_WARN_DEPRECATED_OBJC_IMPLEMENTATIONS = YES;
				CLANG_WARN_DIRECT_OBJC_ISA_USAGE = YES_ERROR;
				CLANG_WARN_DOCUMENTATION_COMMENTS = YES;
				CLANG_WARN_EMPTY_BODY = YES;
				CLANG_WARN_ENUM_CONVERSION = YES;
				CLANG_WARN_INFINITE_RECURSION = YES;
				CLANG_WARN_INT_CONVERSION = YES;
				CLANG_WARN_NON_LITERAL_NULL_CONVERSION = YES;
				CLANG_WARN_OBJC_IMPLICIT_RETAIN_SELF = YES;
				CLANG_WARN_OBJC_LITERAL_CONVERSION = YES;
				CLANG_WARN_OBJC_ROOT_CLASS = YES_ERROR;
				CLANG_WARN_QUOTED_INCLUDE_IN_FRAMEWORK_HEADER = YES;
				CLANG_WARN_RANGE_LOOP_ANALYSIS = YES;
				CLANG_WARN_STRICT_PROTOTYPES = YES;
				CLANG_WARN_SUSPICIOUS_MOVE = YES;
				CLANG_WARN_UNGUARDED_AVAILABILITY = YES_AGGRESSIVE;
				CLANG_WARN_UNREACHABLE_CODE = YES;
				CLANG_WARN__DUPLICATE_METHOD_MATCH = YES;
				COPY_PHASE_STRIP = NO;
				DEBUG_INFORMATION_FORMAT = dwarf;
				ENABLE_STRICT_OBJC_MSGSEND = YES;
				ENABLE_TESTABILITY = YES;
				ENABLE_USER_SCRIPT_SANDBOXING = YES;
				GCC_C_LANGUAGE_STANDARD = gnu17;
				GCC_DYNAMIC_NO_PIC = NO;
				GCC_NO_COMMON_BLOCKS = YES;
				GCC_OPTIMIZATION_LEVEL = 0;
				GCC_PREPROCESSOR_DEFINITIONS = (
					"DEBUG=1",
					"$(inherited)",
				);
				GCC_WARN_64_TO_32_BIT_CONVERSION = YES;
				GCC_WARN_ABOUT_RETURN_TYPE = YES_ERROR;
				GCC_WARN_UNDECLARED_SELECTOR = YES;
				GCC_WARN_UNINITIALIZED_AUTOS = YES_AGGRESSIVE;
				GCC_WARN_UNUSED_FUNCTION = YES;
				GCC_WARN_UNUSED_VARIABLE = YES;
				IPHONEOS_DEPLOYMENT_TARGET = 17.2;
				LOCALIZATION_PREFERS_STRING_CATALOGS = YES;
				MTL_ENABLE_DEBUG_INFO = INCLUDE_SOURCE;
				MTL_FAST_MATH = YES;
				ONLY_ACTIVE_ARCH = YES;
				SDKROOT = iphoneos;
				SWIFT_ACTIVE_COMPILATION_CONDITIONS = "DEBUG $(inherited)";
				SWIFT_OPTIMIZATION_LEVEL = "-Onone";
			};
			name = Debug;
		};
		9B249EC82B836E3C0033F542 /* Release */ = {
			isa = XCBuildConfiguration;
			buildSettings = {
				ALWAYS_SEARCH_USER_PATHS = NO;
				ASSETCATALOG_COMPILER_GENERATE_SWIFT_ASSET_SYMBOL_EXTENSIONS = YES;
				CLANG_ANALYZER_NONNULL = YES;
				CLANG_ANALYZER_NUMBER_OBJECT_CONVERSION = YES_AGGRESSIVE;
				CLANG_CXX_LANGUAGE_STANDARD = "gnu++20";
				CLANG_ENABLE_MODULES = YES;
				CLANG_ENABLE_OBJC_ARC = YES;
				CLANG_ENABLE_OBJC_WEAK = YES;
				CLANG_WARN_BLOCK_CAPTURE_AUTORELEASING = YES;
				CLANG_WARN_BOOL_CONVERSION = YES;
				CLANG_WARN_COMMA = YES;
				CLANG_WARN_CONSTANT_CONVERSION = YES;
				CLANG_WARN_DEPRECATED_OBJC_IMPLEMENTATIONS = YES;
				CLANG_WARN_DIRECT_OBJC_ISA_USAGE = YES_ERROR;
				CLANG_WARN_DOCUMENTATION_COMMENTS = YES;
				CLANG_WARN_EMPTY_BODY = YES;
				CLANG_WARN_ENUM_CONVERSION = YES;
				CLANG_WARN_INFINITE_RECURSION = YES;
				CLANG_WARN_INT_CONVERSION = YES;
				CLANG_WARN_NON_LITERAL_NULL_CONVERSION = YES;
				CLANG_WARN_OBJC_IMPLICIT_RETAIN_SELF = YES;
				CLANG_WARN_OBJC_LITERAL_CONVERSION = YES;
				CLANG_WARN_OBJC_ROOT_CLASS = YES_ERROR;
				CLANG_WARN_QUOTED_INCLUDE_IN_FRAMEWORK_HEADER = YES;
				CLANG_WARN_RANGE_LOOP_ANALYSIS = YES;
				CLANG_WARN_STRICT_PROTOTYPES = YES;
				CLANG_WARN_SUSPICIOUS_MOVE = YES;
				CLANG_WARN_UNGUARDED_AVAILABILITY = YES_AGGRESSIVE;
				CLANG_WARN_UNREACHABLE_CODE = YES;
				CLANG_WARN__DUPLICATE_METHOD_MATCH = YES;
				COPY_PHASE_STRIP = NO;
				DEBUG_INFORMATION_FORMAT = "dwarf-with-dsym";
				ENABLE_NS_ASSERTIONS = NO;
				ENABLE_STRICT_OBJC_MSGSEND = YES;
				ENABLE_USER_SCRIPT_SANDBOXING = YES;
				GCC_C_LANGUAGE_STANDARD = gnu17;
				GCC_NO_COMMON_BLOCKS = YES;
				GCC_WARN_64_TO_32_BIT_CONVERSION = YES;
				GCC_WARN_ABOUT_RETURN_TYPE = YES_ERROR;
				GCC_WARN_UNDECLARED_SELECTOR = YES;
				GCC_WARN_UNINITIALIZED_AUTOS = YES_AGGRESSIVE;
				GCC_WARN_UNUSED_FUNCTION = YES;
				GCC_WARN_UNUSED_VARIABLE = YES;
				IPHONEOS_DEPLOYMENT_TARGET = 17.2;
				LOCALIZATION_PREFERS_STRING_CATALOGS = YES;
				MTL_ENABLE_DEBUG_INFO = NO;
				MTL_FAST_MATH = YES;
				SDKROOT = iphoneos;
				SWIFT_COMPILATION_MODE = wholemodule;
				VALIDATE_PRODUCT = YES;
			};
			name = Release;
		};
		9B249ECA2B836E3C0033F542 /* Debug */ = {
			isa = XCBuildConfiguration;
			buildSettings = {
				ASSETCATALOG_COMPILER_APPICON_NAME = AppIcon;
				ASSETCATALOG_COMPILER_GLOBAL_ACCENT_COLOR_NAME = AccentColor;
				CODE_SIGN_STYLE = Automatic;
				CURRENT_PROJECT_VERSION = 1;
				DEVELOPMENT_TEAM = B8FFK38LX5;
				GENERATE_INFOPLIST_FILE = YES;
				INFOPLIST_FILE = PruebaKlikin/Info.plist;
				INFOPLIST_KEY_UIApplicationSupportsIndirectInputEvents = YES;
				INFOPLIST_KEY_UILaunchStoryboardName = LaunchScreen;
				INFOPLIST_KEY_UISupportedInterfaceOrientations = UIInterfaceOrientationPortrait;
				INFOPLIST_KEY_UISupportedInterfaceOrientations_iPad = "UIInterfaceOrientationLandscapeLeft UIInterfaceOrientationLandscapeRight UIInterfaceOrientationPortrait UIInterfaceOrientationPortraitUpsideDown";
				LD_RUNPATH_SEARCH_PATHS = (
					"$(inherited)",
					"@executable_path/Frameworks",
				);
				MARKETING_VERSION = 1.0;
				PRODUCT_BUNDLE_IDENTIFIER = PausekStudios.PruebaKlikin;
				PRODUCT_NAME = "$(TARGET_NAME)";
				SUPPORTED_PLATFORMS = "iphoneos iphonesimulator";
				SUPPORTS_MACCATALYST = NO;
				SUPPORTS_MAC_DESIGNED_FOR_IPHONE_IPAD = NO;
				SUPPORTS_XR_DESIGNED_FOR_IPHONE_IPAD = NO;
				SWIFT_EMIT_LOC_STRINGS = YES;
				SWIFT_VERSION = 5.0;
				TARGETED_DEVICE_FAMILY = 1;
			};
			name = Debug;
		};
		9B249ECB2B836E3C0033F542 /* Release */ = {
			isa = XCBuildConfiguration;
			buildSettings = {
				ASSETCATALOG_COMPILER_APPICON_NAME = AppIcon;
				ASSETCATALOG_COMPILER_GLOBAL_ACCENT_COLOR_NAME = AccentColor;
				CODE_SIGN_STYLE = Automatic;
				CURRENT_PROJECT_VERSION = 1;
				DEVELOPMENT_TEAM = B8FFK38LX5;
				GENERATE_INFOPLIST_FILE = YES;
				INFOPLIST_FILE = PruebaKlikin/Info.plist;
				INFOPLIST_KEY_UIApplicationSupportsIndirectInputEvents = YES;
				INFOPLIST_KEY_UILaunchStoryboardName = LaunchScreen;
				INFOPLIST_KEY_UISupportedInterfaceOrientations = UIInterfaceOrientationPortrait;
				INFOPLIST_KEY_UISupportedInterfaceOrientations_iPad = "UIInterfaceOrientationLandscapeLeft UIInterfaceOrientationLandscapeRight UIInterfaceOrientationPortrait UIInterfaceOrientationPortraitUpsideDown";
				LD_RUNPATH_SEARCH_PATHS = (
					"$(inherited)",
					"@executable_path/Frameworks",
				);
				MARKETING_VERSION = 1.0;
				PRODUCT_BUNDLE_IDENTIFIER = PausekStudios.PruebaKlikin;
				PRODUCT_NAME = "$(TARGET_NAME)";
				SUPPORTED_PLATFORMS = "iphoneos iphonesimulator";
				SUPPORTS_MACCATALYST = NO;
				SUPPORTS_MAC_DESIGNED_FOR_IPHONE_IPAD = NO;
				SUPPORTS_XR_DESIGNED_FOR_IPHONE_IPAD = NO;
				SWIFT_EMIT_LOC_STRINGS = YES;
				SWIFT_VERSION = 5.0;
				TARGETED_DEVICE_FAMILY = 1;
			};
			name = Release;
		};
/* End XCBuildConfiguration section */

/* Begin XCConfigurationList section */
		9B249EB02B836E3B0033F542 /* Build configuration list for PBXProject "PruebaKlikin" */ = {
			isa = XCConfigurationList;
			buildConfigurations = (
				9B249EC72B836E3C0033F542 /* Debug */,
				9B249EC82B836E3C0033F542 /* Release */,
			);
			defaultConfigurationIsVisible = 0;
			defaultConfigurationName = Release;
		};
		9B249EC92B836E3C0033F542 /* Build configuration list for PBXNativeTarget "PruebaKlikin" */ = {
			isa = XCConfigurationList;
			buildConfigurations = (
				9B249ECA2B836E3C0033F542 /* Debug */,
				9B249ECB2B836E3C0033F542 /* Release */,
			);
			defaultConfigurationIsVisible = 0;
			defaultConfigurationName = Release;
		};
/* End XCConfigurationList section */

/* Begin XCRemoteSwiftPackageReference section */
		9B249EF92B84D2B70033F542 /* XCRemoteSwiftPackageReference "CustomUIKitItems" */ = {
			isa = XCRemoteSwiftPackageReference;
			repositoryURL = "https://github.com/Gonzalo-MR8/CustomUIKitItems.git";
			requirement = {
				kind = upToNextMajorVersion;
				minimumVersion = 1.0.0;
			};
		};
/* End XCRemoteSwiftPackageReference section */

/* Begin XCSwiftPackageProductDependency section */
		9B249EFA2B84D2B70033F542 /* CustomUIKitItems */ = {
			isa = XCSwiftPackageProductDependency;
			package = 9B249EF92B84D2B70033F542 /* XCRemoteSwiftPackageReference "CustomUIKitItems" */;
			productName = CustomUIKitItems;
		};
/* End XCSwiftPackageProductDependency section */
	};
	rootObject = 9B249EAD2B836E3B0033F542 /* Project object */;
}
